// !$*UTF8*$!
{
	archiveVersion = 1;
	classes = {
	};
	objectVersion = 56;
	objects = {

/* Begin PBXBuildFile section */
		C36184182C16B17C00A1C631 /* Constants.swift in Sources */ = {isa = PBXBuildFile; fileRef = C36184172C16B17C00A1C631 /* Constants.swift */; };
		C361841B2C16EF8F00A1C631 /* Tweet.swift in Sources */ = {isa = PBXBuildFile; fileRef = C361841A2C16EF8F00A1C631 /* Tweet.swift */; };
		C361841E2C16F0E900A1C631 /* CreateTweetViewModel.swift in Sources */ = {isa = PBXBuildFile; fileRef = C361841D2C16F0E900A1C631 /* CreateTweetViewModel.swift */; };
		C36184202C16F1B500A1C631 /* RequestServices.swift in Sources */ = {isa = PBXBuildFile; fileRef = C361841F2C16F1B500A1C631 /* RequestServices.swift */; };
		C36184222C17018200A1C631 /* ImagePicker.swift in Sources */ = {isa = PBXBuildFile; fileRef = C36184212C17018200A1C631 /* ImagePicker.swift */; };
		C36184242C170BE300A1C631 /* ImageUploader.swift in Sources */ = {isa = PBXBuildFile; fileRef = C36184232C170BE300A1C631 /* ImageUploader.swift */; };
		C380DCEC2C1615840017E7B6 /* AuthViewModel.swift in Sources */ = {isa = PBXBuildFile; fileRef = C380DCEB2C1615840017E7B6 /* AuthViewModel.swift */; };
		C380DCEE2C16159C0017E7B6 /* User.swift in Sources */ = {isa = PBXBuildFile; fileRef = C380DCED2C16159C0017E7B6 /* User.swift */; };
		C380DCF02C161F090017E7B6 /* AuthServices.swift in Sources */ = {isa = PBXBuildFile; fileRef = C380DCEF2C161F090017E7B6 /* AuthServices.swift */; };
		C384AE972C1428DF00396478 /* Tweeter.swift in Sources */ = {isa = PBXBuildFile; fileRef = C384AE962C1428DF00396478 /* Tweeter.swift */; };
		C384AE992C1428DF00396478 /* ContentView.swift in Sources */ = {isa = PBXBuildFile; fileRef = C384AE982C1428DF00396478 /* ContentView.swift */; };
		C384AE9B2C1428E000396478 /* Assets.xcassets in Resources */ = {isa = PBXBuildFile; fileRef = C384AE9A2C1428E000396478 /* Assets.xcassets */; };
		C384AE9E2C1428E000396478 /* Preview Assets.xcassets in Resources */ = {isa = PBXBuildFile; fileRef = C384AE9D2C1428E000396478 /* Preview Assets.xcassets */; };
		C384AEB32C142B8900396478 /* Home.swift in Sources */ = {isa = PBXBuildFile; fileRef = C384AEB22C142B8900396478 /* Home.swift */; };
		C384AEB52C142DFE00396478 /* Feed.swift in Sources */ = {isa = PBXBuildFile; fileRef = C384AEB42C142DFE00396478 /* Feed.swift */; };
		C384AEB72C142E3B00396478 /* SearchView.swift in Sources */ = {isa = PBXBuildFile; fileRef = C384AEB62C142E3B00396478 /* SearchView.swift */; };
		C384AEB92C142E4C00396478 /* NotificationsView.swift in Sources */ = {isa = PBXBuildFile; fileRef = C384AEB82C142E4C00396478 /* NotificationsView.swift */; };
		C384AEBB2C142E5A00396478 /* MessagesView.swift in Sources */ = {isa = PBXBuildFile; fileRef = C384AEBA2C142E5A00396478 /* MessagesView.swift */; };
		C384AEBD2C1434CC00396478 /* CreateTweet.swift in Sources */ = {isa = PBXBuildFile; fileRef = C384AEBC2C1434CC00396478 /* CreateTweet.swift */; };
		C384AEC12C14364800396478 /* MultilineTextField.swift in Sources */ = {isa = PBXBuildFile; fileRef = C384AEC02C14364800396478 /* MultilineTextField.swift */; };
		C384AEC32C143C3E00396478 /* TweetCellView.swift in Sources */ = {isa = PBXBuildFile; fileRef = C384AEC22C143C3E00396478 /* TweetCellView.swift */; };
		C384AEC52C144A4100396478 /* SearchCell.swift in Sources */ = {isa = PBXBuildFile; fileRef = C384AEC42C144A4100396478 /* SearchCell.swift */; };
		C384AEC72C144BA600396478 /* SearchBarView.swift in Sources */ = {isa = PBXBuildFile; fileRef = C384AEC62C144BA600396478 /* SearchBarView.swift */; };
		C384AEC92C1453C000396478 /* SearchUserCell.swift in Sources */ = {isa = PBXBuildFile; fileRef = C384AEC82C1453C000396478 /* SearchUserCell.swift */; };
		C384AECB2C14564E00396478 /* Extensions.swift in Sources */ = {isa = PBXBuildFile; fileRef = C384AECA2C14564E00396478 /* Extensions.swift */; };
		C384AECD2C1458BB00396478 /* NotificationCell.swift in Sources */ = {isa = PBXBuildFile; fileRef = C384AECC2C1458BB00396478 /* NotificationCell.swift */; };
		C384AECF2C145C3200396478 /* MessageCell.swift in Sources */ = {isa = PBXBuildFile; fileRef = C384AECE2C145C3200396478 /* MessageCell.swift */; };
		C384AED12C147B9E00396478 /* TopBar.swift in Sources */ = {isa = PBXBuildFile; fileRef = C384AED02C147B9E00396478 /* TopBar.swift */; };
		C384AED32C147DC900396478 /* MainView.swift in Sources */ = {isa = PBXBuildFile; fileRef = C384AED22C147DC900396478 /* MainView.swift */; };
		C384AED52C14803200396478 /* SlideMenu.swift in Sources */ = {isa = PBXBuildFile; fileRef = C384AED42C14803200396478 /* SlideMenu.swift */; };
		C384AED72C1481C600396478 /* FollowView.swift in Sources */ = {isa = PBXBuildFile; fileRef = C384AED62C1481C600396478 /* FollowView.swift */; };
		C384AED92C14866200396478 /* MenuButton.swift in Sources */ = {isa = PBXBuildFile; fileRef = C384AED82C14866200396478 /* MenuButton.swift */; };
		C384AEDB2C149C1800396478 /* UserProfile.swift in Sources */ = {isa = PBXBuildFile; fileRef = C384AEDA2C149C1800396478 /* UserProfile.swift */; };
		C384AEDD2C149F3300396478 /* BlurView.swift in Sources */ = {isa = PBXBuildFile; fileRef = C384AEDC2C149F3300396478 /* BlurView.swift */; };
		C384AEDF2C14ACF500396478 /* TabButton.swift in Sources */ = {isa = PBXBuildFile; fileRef = C384AEDE2C14ACF500396478 /* TabButton.swift */; };
		C384AEE12C14BA0B00396478 /* WelcomeView.swift in Sources */ = {isa = PBXBuildFile; fileRef = C384AEE02C14BA0B00396478 /* WelcomeView.swift */; };
		C384AEE32C14C29600396478 /* RegisterView.swift in Sources */ = {isa = PBXBuildFile; fileRef = C384AEE22C14C29600396478 /* RegisterView.swift */; };
		C384AEE52C14C43E00396478 /* CustomAuthTextField.swift in Sources */ = {isa = PBXBuildFile; fileRef = C384AEE42C14C43E00396478 /* CustomAuthTextField.swift */; };
		C384AEE72C14C61F00396478 /* SecureAuthTextField.swift in Sources */ = {isa = PBXBuildFile; fileRef = C384AEE62C14C61F00396478 /* SecureAuthTextField.swift */; };
		C384AEE92C14C8D100396478 /* LogInView.swift in Sources */ = {isa = PBXBuildFile; fileRef = C384AEE82C14C8D100396478 /* LogInView.swift */; };
		C3892B6C2C18AC0300863201 /* CustomProfileTextField.swift in Sources */ = {isa = PBXBuildFile; fileRef = C3892B6B2C18AC0300863201 /* CustomProfileTextField.swift */; };
		C3892B6E2C18B19200863201 /* CustomProfileBioTextField.swift in Sources */ = {isa = PBXBuildFile; fileRef = C3892B6D2C18B19200863201 /* CustomProfileBioTextField.swift */; };
		C3892B712C18B73B00863201 /* ProfileViewModel.swift in Sources */ = {isa = PBXBuildFile; fileRef = C3892B702C18B73B00863201 /* ProfileViewModel.swift */; };
		C3892B732C18BF9A00863201 /* EditProfileViewModel.swift in Sources */ = {isa = PBXBuildFile; fileRef = C3892B722C18BF9A00863201 /* EditProfileViewModel.swift */; };
		C3B063DB2C1761B900BD69A1 /* FeedViewModel.swift in Sources */ = {isa = PBXBuildFile; fileRef = C3B063DA2C1761B900BD69A1 /* FeedViewModel.swift */; };
		C3B063DD2C17A52C00BD69A1 /* TweetCellViewModel.swift in Sources */ = {isa = PBXBuildFile; fileRef = C3B063DC2C17A52C00BD69A1 /* TweetCellViewModel.swift */; };
		C3B063E02C17AC3900BD69A1 /* Kingfisher in Frameworks */ = {isa = PBXBuildFile; productRef = C3B063DF2C17AC3900BD69A1 /* Kingfisher */; };
		C3B063E22C17BDEF00BD69A1 /* EditProfileView.swift in Sources */ = {isa = PBXBuildFile; fileRef = C3B063E12C17BDEF00BD69A1 /* EditProfileView.swift */; };
/* End PBXBuildFile section */

/* Begin PBXFileReference section */
		C36184172C16B17C00A1C631 /* Constants.swift */ = {isa = PBXFileReference; lastKnownFileType = sourcecode.swift; path = Constants.swift; sourceTree = "<group>"; };
		C361841A2C16EF8F00A1C631 /* Tweet.swift */ = {isa = PBXFileReference; lastKnownFileType = sourcecode.swift; path = Tweet.swift; sourceTree = "<group>"; };
		C361841D2C16F0E900A1C631 /* CreateTweetViewModel.swift */ = {isa = PBXFileReference; lastKnownFileType = sourcecode.swift; path = CreateTweetViewModel.swift; sourceTree = "<group>"; };
		C361841F2C16F1B500A1C631 /* RequestServices.swift */ = {isa = PBXFileReference; lastKnownFileType = sourcecode.swift; path = RequestServices.swift; sourceTree = "<group>"; };
		C36184212C17018200A1C631 /* ImagePicker.swift */ = {isa = PBXFileReference; lastKnownFileType = sourcecode.swift; path = ImagePicker.swift; sourceTree = "<group>"; };
		C36184232C170BE300A1C631 /* ImageUploader.swift */ = {isa = PBXFileReference; lastKnownFileType = sourcecode.swift; path = ImageUploader.swift; sourceTree = "<group>"; };
		C380DCEB2C1615840017E7B6 /* AuthViewModel.swift */ = {isa = PBXFileReference; lastKnownFileType = sourcecode.swift; path = AuthViewModel.swift; sourceTree = "<group>"; };
		C380DCED2C16159C0017E7B6 /* User.swift */ = {isa = PBXFileReference; lastKnownFileType = sourcecode.swift; path = User.swift; sourceTree = "<group>"; };
		C380DCEF2C161F090017E7B6 /* AuthServices.swift */ = {isa = PBXFileReference; lastKnownFileType = sourcecode.swift; path = AuthServices.swift; sourceTree = "<group>"; };
		C384AE932C1428DF00396478 /* Tweeter.app */ = {isa = PBXFileReference; explicitFileType = wrapper.application; includeInIndex = 0; path = Tweeter.app; sourceTree = BUILT_PRODUCTS_DIR; };
		C384AE962C1428DF00396478 /* Tweeter.swift */ = {isa = PBXFileReference; lastKnownFileType = sourcecode.swift; path = Tweeter.swift; sourceTree = "<group>"; };
		C384AE982C1428DF00396478 /* ContentView.swift */ = {isa = PBXFileReference; lastKnownFileType = sourcecode.swift; path = ContentView.swift; sourceTree = "<group>"; };
		C384AE9A2C1428E000396478 /* Assets.xcassets */ = {isa = PBXFileReference; lastKnownFileType = folder.assetcatalog; path = Assets.xcassets; sourceTree = "<group>"; };
		C384AE9D2C1428E000396478 /* Preview Assets.xcassets */ = {isa = PBXFileReference; lastKnownFileType = folder.assetcatalog; path = "Preview Assets.xcassets"; sourceTree = "<group>"; };
		C384AEB22C142B8900396478 /* Home.swift */ = {isa = PBXFileReference; lastKnownFileType = sourcecode.swift; path = Home.swift; sourceTree = "<group>"; };
		C384AEB42C142DFE00396478 /* Feed.swift */ = {isa = PBXFileReference; lastKnownFileType = sourcecode.swift; path = Feed.swift; sourceTree = "<group>"; };
		C384AEB62C142E3B00396478 /* SearchView.swift */ = {isa = PBXFileReference; lastKnownFileType = sourcecode.swift; path = SearchView.swift; sourceTree = "<group>"; };
		C384AEB82C142E4C00396478 /* NotificationsView.swift */ = {isa = PBXFileReference; lastKnownFileType = sourcecode.swift; path = NotificationsView.swift; sourceTree = "<group>"; };
		C384AEBA2C142E5A00396478 /* MessagesView.swift */ = {isa = PBXFileReference; lastKnownFileType = sourcecode.swift; path = MessagesView.swift; sourceTree = "<group>"; };
		C384AEBC2C1434CC00396478 /* CreateTweet.swift */ = {isa = PBXFileReference; lastKnownFileType = sourcecode.swift; path = CreateTweet.swift; sourceTree = "<group>"; };
		C384AEC02C14364800396478 /* MultilineTextField.swift */ = {isa = PBXFileReference; lastKnownFileType = sourcecode.swift; path = MultilineTextField.swift; sourceTree = "<group>"; };
		C384AEC22C143C3E00396478 /* TweetCellView.swift */ = {isa = PBXFileReference; lastKnownFileType = sourcecode.swift; path = TweetCellView.swift; sourceTree = "<group>"; };
		C384AEC42C144A4100396478 /* SearchCell.swift */ = {isa = PBXFileReference; lastKnownFileType = sourcecode.swift; path = SearchCell.swift; sourceTree = "<group>"; };
		C384AEC62C144BA600396478 /* SearchBarView.swift */ = {isa = PBXFileReference; lastKnownFileType = sourcecode.swift; path = SearchBarView.swift; sourceTree = "<group>"; };
		C384AEC82C1453C000396478 /* SearchUserCell.swift */ = {isa = PBXFileReference; lastKnownFileType = sourcecode.swift; path = SearchUserCell.swift; sourceTree = "<group>"; };
		C384AECA2C14564E00396478 /* Extensions.swift */ = {isa = PBXFileReference; lastKnownFileType = sourcecode.swift; path = Extensions.swift; sourceTree = "<group>"; };
		C384AECC2C1458BB00396478 /* NotificationCell.swift */ = {isa = PBXFileReference; lastKnownFileType = sourcecode.swift; path = NotificationCell.swift; sourceTree = "<group>"; };
		C384AECE2C145C3200396478 /* MessageCell.swift */ = {isa = PBXFileReference; lastKnownFileType = sourcecode.swift; path = MessageCell.swift; sourceTree = "<group>"; };
		C384AED02C147B9E00396478 /* TopBar.swift */ = {isa = PBXFileReference; lastKnownFileType = sourcecode.swift; path = TopBar.swift; sourceTree = "<group>"; };
		C384AED22C147DC900396478 /* MainView.swift */ = {isa = PBXFileReference; lastKnownFileType = sourcecode.swift; path = MainView.swift; sourceTree = "<group>"; };
		C384AED42C14803200396478 /* SlideMenu.swift */ = {isa = PBXFileReference; lastKnownFileType = sourcecode.swift; path = SlideMenu.swift; sourceTree = "<group>"; };
		C384AED62C1481C600396478 /* FollowView.swift */ = {isa = PBXFileReference; lastKnownFileType = sourcecode.swift; path = FollowView.swift; sourceTree = "<group>"; };
		C384AED82C14866200396478 /* MenuButton.swift */ = {isa = PBXFileReference; lastKnownFileType = sourcecode.swift; path = MenuButton.swift; sourceTree = "<group>"; };
		C384AEDA2C149C1800396478 /* UserProfile.swift */ = {isa = PBXFileReference; lastKnownFileType = sourcecode.swift; path = UserProfile.swift; sourceTree = "<group>"; };
		C384AEDC2C149F3300396478 /* BlurView.swift */ = {isa = PBXFileReference; lastKnownFileType = sourcecode.swift; path = BlurView.swift; sourceTree = "<group>"; };
		C384AEDE2C14ACF500396478 /* TabButton.swift */ = {isa = PBXFileReference; lastKnownFileType = sourcecode.swift; path = TabButton.swift; sourceTree = "<group>"; };
		C384AEE02C14BA0B00396478 /* WelcomeView.swift */ = {isa = PBXFileReference; lastKnownFileType = sourcecode.swift; path = WelcomeView.swift; sourceTree = "<group>"; };
		C384AEE22C14C29600396478 /* RegisterView.swift */ = {isa = PBXFileReference; lastKnownFileType = sourcecode.swift; path = RegisterView.swift; sourceTree = "<group>"; };
		C384AEE42C14C43E00396478 /* CustomAuthTextField.swift */ = {isa = PBXFileReference; lastKnownFileType = sourcecode.swift; path = CustomAuthTextField.swift; sourceTree = "<group>"; };
		C384AEE62C14C61F00396478 /* SecureAuthTextField.swift */ = {isa = PBXFileReference; lastKnownFileType = sourcecode.swift; path = SecureAuthTextField.swift; sourceTree = "<group>"; };
		C384AEE82C14C8D100396478 /* LogInView.swift */ = {isa = PBXFileReference; lastKnownFileType = sourcecode.swift; path = LogInView.swift; sourceTree = "<group>"; };
		C3892B6B2C18AC0300863201 /* CustomProfileTextField.swift */ = {isa = PBXFileReference; lastKnownFileType = sourcecode.swift; path = CustomProfileTextField.swift; sourceTree = "<group>"; };
		C3892B6D2C18B19200863201 /* CustomProfileBioTextField.swift */ = {isa = PBXFileReference; lastKnownFileType = sourcecode.swift; path = CustomProfileBioTextField.swift; sourceTree = "<group>"; };
		C3892B702C18B73B00863201 /* ProfileViewModel.swift */ = {isa = PBXFileReference; lastKnownFileType = sourcecode.swift; path = ProfileViewModel.swift; sourceTree = "<group>"; };
		C3892B722C18BF9A00863201 /* EditProfileViewModel.swift */ = {isa = PBXFileReference; lastKnownFileType = sourcecode.swift; path = EditProfileViewModel.swift; sourceTree = "<group>"; };
		C3B063DA2C1761B900BD69A1 /* FeedViewModel.swift */ = {isa = PBXFileReference; lastKnownFileType = sourcecode.swift; path = FeedViewModel.swift; sourceTree = "<group>"; };
		C3B063DC2C17A52C00BD69A1 /* TweetCellViewModel.swift */ = {isa = PBXFileReference; lastKnownFileType = sourcecode.swift; path = TweetCellViewModel.swift; sourceTree = "<group>"; };
		C3B063E12C17BDEF00BD69A1 /* EditProfileView.swift */ = {isa = PBXFileReference; lastKnownFileType = sourcecode.swift; path = EditProfileView.swift; sourceTree = "<group>"; };
/* End PBXFileReference section */

/* Begin PBXFrameworksBuildPhase section */
		C384AE902C1428DF00396478 /* Frameworks */ = {
			isa = PBXFrameworksBuildPhase;
			buildActionMask = 2147483647;
			files = (
				C3B063E02C17AC3900BD69A1 /* Kingfisher in Frameworks */,
			);
			runOnlyForDeploymentPostprocessing = 0;
		};
/* End PBXFrameworksBuildPhase section */

/* Begin PBXGroup section */
		C36184192C16CF9200A1C631 /* Authentication */ = {
			isa = PBXGroup;
			children = (
				C380DCEB2C1615840017E7B6 /* AuthViewModel.swift */,
			);
			path = Authentication;
			sourceTree = "<group>";
		};
		C361841C2C16F0CA00A1C631 /* Post */ = {
			isa = PBXGroup;
			children = (
				C361841D2C16F0E900A1C631 /* CreateTweetViewModel.swift */,
			);
			path = Post;
			sourceTree = "<group>";
		};
		C384AE8A2C1428DF00396478 = {
			isa = PBXGroup;
			children = (
				C384AE952C1428DF00396478 /* Tweeter */,
				C384AE942C1428DF00396478 /* Products */,
			);
			sourceTree = "<group>";
		};
		C384AE942C1428DF00396478 /* Products */ = {
			isa = PBXGroup;
			children = (
				C384AE932C1428DF00396478 /* Tweeter.app */,
			);
			name = Products;
			sourceTree = "<group>";
		};
		C384AE952C1428DF00396478 /* Tweeter */ = {
			isa = PBXGroup;
			children = (
				C384AEA82C142B3000396478 /* Extensions */,
				C384AEA72C142B2A00396478 /* Services */,
				C384AEA62C142B2400396478 /* Model */,
				C384AEA52C142B1D00396478 /* ViewModel */,
				C384AEA42C142B1500396478 /* View */,
				C384AE962C1428DF00396478 /* Tweeter.swift */,
				C384AE9A2C1428E000396478 /* Assets.xcassets */,
				C384AE9C2C1428E000396478 /* Preview Content */,
			);
			path = Tweeter;
			sourceTree = "<group>";
		};
		C384AE9C2C1428E000396478 /* Preview Content */ = {
			isa = PBXGroup;
			children = (
				C384AE9D2C1428E000396478 /* Preview Assets.xcassets */,
			);
			path = "Preview Content";
			sourceTree = "<group>";
		};
		C384AEA42C142B1500396478 /* View */ = {
			isa = PBXGroup;
			children = (
				C384AEB12C142B6600396478 /* Main */,
				C384AEB02C142B6200396478 /* Feed */,
				C384AEAF2C142B5E00396478 /* Search */,
				C384AEAE2C142B5400396478 /* Notifications */,
				C384AEAD2C142B4E00396478 /* Messages */,
				C384AEAC2C142B4900396478 /* Authentication */,
				C384AEAB2C142B4200396478 /* Items */,
				C384AEAA2C142B3E00396478 /* Post */,
				C384AEA92C142B3700396478 /* Profile */,
			);
			path = View;
			sourceTree = "<group>";
		};
		C384AEA52C142B1D00396478 /* ViewModel */ = {
			isa = PBXGroup;
			children = (
				C3892B6F2C18B72B00863201 /* Profile */,
				C3B063D92C1761A200BD69A1 /* Feed */,
				C361841C2C16F0CA00A1C631 /* Post */,
				C36184192C16CF9200A1C631 /* Authentication */,
			);
			path = ViewModel;
			sourceTree = "<group>";
		};
		C384AEA62C142B2400396478 /* Model */ = {
			isa = PBXGroup;
			children = (
				C380DCED2C16159C0017E7B6 /* User.swift */,
				C361841A2C16EF8F00A1C631 /* Tweet.swift */,
			);
			path = Model;
			sourceTree = "<group>";
		};
		C384AEA72C142B2A00396478 /* Services */ = {
			isa = PBXGroup;
			children = (
				C380DCEF2C161F090017E7B6 /* AuthServices.swift */,
				C361841F2C16F1B500A1C631 /* RequestServices.swift */,
				C36184232C170BE300A1C631 /* ImageUploader.swift */,
			);
			path = Services;
			sourceTree = "<group>";
		};
		C384AEA82C142B3000396478 /* Extensions */ = {
			isa = PBXGroup;
			children = (
				C384AECA2C14564E00396478 /* Extensions.swift */,
				C36184172C16B17C00A1C631 /* Constants.swift */,
				C36184212C17018200A1C631 /* ImagePicker.swift */,
			);
			path = Extensions;
			sourceTree = "<group>";
		};
		C384AEA92C142B3700396478 /* Profile */ = {
			isa = PBXGroup;
			children = (
				C384AEDA2C149C1800396478 /* UserProfile.swift */,
				C384AEDC2C149F3300396478 /* BlurView.swift */,
				C3B063E12C17BDEF00BD69A1 /* EditProfileView.swift */,
			);
			path = Profile;
			sourceTree = "<group>";
		};
		C384AEAA2C142B3E00396478 /* Post */ = {
			isa = PBXGroup;
			children = (
				C384AEBC2C1434CC00396478 /* CreateTweet.swift */,
			);
			path = Post;
			sourceTree = "<group>";
		};
		C384AEAB2C142B4200396478 /* Items */ = {
			isa = PBXGroup;
			children = (
				C384AEC02C14364800396478 /* MultilineTextField.swift */,
				C384AEC62C144BA600396478 /* SearchBarView.swift */,
				C384AED62C1481C600396478 /* FollowView.swift */,
				C384AED82C14866200396478 /* MenuButton.swift */,
				C384AEDE2C14ACF500396478 /* TabButton.swift */,
				C384AEE42C14C43E00396478 /* CustomAuthTextField.swift */,
				C384AEE62C14C61F00396478 /* SecureAuthTextField.swift */,
				C3892B6B2C18AC0300863201 /* CustomProfileTextField.swift */,
				C3892B6D2C18B19200863201 /* CustomProfileBioTextField.swift */,
			);
			path = Items;
			sourceTree = "<group>";
		};
		C384AEAC2C142B4900396478 /* Authentication */ = {
			isa = PBXGroup;
			children = (
				C384AE982C1428DF00396478 /* ContentView.swift */,
				C384AEE02C14BA0B00396478 /* WelcomeView.swift */,
				C384AEE22C14C29600396478 /* RegisterView.swift */,
				C384AEE82C14C8D100396478 /* LogInView.swift */,
			);
			path = Authentication;
			sourceTree = "<group>";
		};
		C384AEAD2C142B4E00396478 /* Messages */ = {
			isa = PBXGroup;
			children = (
				C384AEBA2C142E5A00396478 /* MessagesView.swift */,
				C384AECE2C145C3200396478 /* MessageCell.swift */,
			);
			path = Messages;
			sourceTree = "<group>";
		};
		C384AEAE2C142B5400396478 /* Notifications */ = {
			isa = PBXGroup;
			children = (
				C384AEB82C142E4C00396478 /* NotificationsView.swift */,
				C384AECC2C1458BB00396478 /* NotificationCell.swift */,
			);
			path = Notifications;
			sourceTree = "<group>";
		};
		C384AEAF2C142B5E00396478 /* Search */ = {
			isa = PBXGroup;
			children = (
				C384AEB62C142E3B00396478 /* SearchView.swift */,
				C384AEC42C144A4100396478 /* SearchCell.swift */,
				C384AEC82C1453C000396478 /* SearchUserCell.swift */,
			);
			path = Search;
			sourceTree = "<group>";
		};
		C384AEB02C142B6200396478 /* Feed */ = {
			isa = PBXGroup;
			children = (
				C384AEB42C142DFE00396478 /* Feed.swift */,
				C384AEC22C143C3E00396478 /* TweetCellView.swift */,
			);
			path = Feed;
			sourceTree = "<group>";
		};
		C384AEB12C142B6600396478 /* Main */ = {
			isa = PBXGroup;
			children = (
				C384AEB22C142B8900396478 /* Home.swift */,
				C384AED02C147B9E00396478 /* TopBar.swift */,
				C384AED22C147DC900396478 /* MainView.swift */,
				C384AED42C14803200396478 /* SlideMenu.swift */,
			);
			path = Main;
			sourceTree = "<group>";
		};
		C3892B6F2C18B72B00863201 /* Profile */ = {
			isa = PBXGroup;
			children = (
				C3892B702C18B73B00863201 /* ProfileViewModel.swift */,
				C3892B722C18BF9A00863201 /* EditProfileViewModel.swift */,
			);
			path = Profile;
			sourceTree = "<group>";
		};
		C3B063D92C1761A200BD69A1 /* Feed */ = {
			isa = PBXGroup;
			children = (
				C3B063DA2C1761B900BD69A1 /* FeedViewModel.swift */,
				C3B063DC2C17A52C00BD69A1 /* TweetCellViewModel.swift */,
			);
			path = Feed;
			sourceTree = "<group>";
		};
/* End PBXGroup section */

/* Begin PBXNativeTarget section */
		C384AE922C1428DF00396478 /* Tweeter */ = {
			isa = PBXNativeTarget;
			buildConfigurationList = C384AEA12C1428E000396478 /* Build configuration list for PBXNativeTarget "Tweeter" */;
			buildPhases = (
				C384AE8F2C1428DF00396478 /* Sources */,
				C384AE902C1428DF00396478 /* Frameworks */,
				C384AE912C1428DF00396478 /* Resources */,
			);
			buildRules = (
			);
			dependencies = (
			);
			name = Tweeter;
			packageProductDependencies = (
				C3B063DF2C17AC3900BD69A1 /* Kingfisher */,
			);
			productName = Tweeter;
			productReference = C384AE932C1428DF00396478 /* Tweeter.app */;
			productType = "com.apple.product-type.application";
		};
/* End PBXNativeTarget section */

/* Begin PBXProject section */
		C384AE8B2C1428DF00396478 /* Project object */ = {
			isa = PBXProject;
			attributes = {
				BuildIndependentTargetsInParallel = 1;
				LastSwiftUpdateCheck = 1530;
				LastUpgradeCheck = 1530;
				TargetAttributes = {
					C384AE922C1428DF00396478 = {
						CreatedOnToolsVersion = 15.3;
					};
				};
			};
			buildConfigurationList = C384AE8E2C1428DF00396478 /* Build configuration list for PBXProject "Tweeter" */;
			compatibilityVersion = "Xcode 14.0";
			developmentRegion = en;
			hasScannedForEncodings = 0;
			knownRegions = (
				en,
				Base,
			);
			mainGroup = C384AE8A2C1428DF00396478;
			packageReferences = (
				C3B063DE2C17AC3900BD69A1 /* XCRemoteSwiftPackageReference "Kingfisher" */,
			);
			productRefGroup = C384AE942C1428DF00396478 /* Products */;
			projectDirPath = "";
			projectRoot = "";
			targets = (
				C384AE922C1428DF00396478 /* Tweeter */,
			);
		};
/* End PBXProject section */

/* Begin PBXResourcesBuildPhase section */
		C384AE912C1428DF00396478 /* Resources */ = {
			isa = PBXResourcesBuildPhase;
			buildActionMask = 2147483647;
			files = (
				C384AE9E2C1428E000396478 /* Preview Assets.xcassets in Resources */,
				C384AE9B2C1428E000396478 /* Assets.xcassets in Resources */,
			);
			runOnlyForDeploymentPostprocessing = 0;
		};
/* End PBXResourcesBuildPhase section */

/* Begin PBXSourcesBuildPhase section */
		C384AE8F2C1428DF00396478 /* Sources */ = {
			isa = PBXSourcesBuildPhase;
			buildActionMask = 2147483647;
			files = (
				C3B063DD2C17A52C00BD69A1 /* TweetCellViewModel.swift in Sources */,
				C384AEC32C143C3E00396478 /* TweetCellView.swift in Sources */,
				C384AED32C147DC900396478 /* MainView.swift in Sources */,
				C384AEDD2C149F3300396478 /* BlurView.swift in Sources */,
				C380DCF02C161F090017E7B6 /* AuthServices.swift in Sources */,
				C384AED92C14866200396478 /* MenuButton.swift in Sources */,
				C3892B6C2C18AC0300863201 /* CustomProfileTextField.swift in Sources */,
				C36184202C16F1B500A1C631 /* RequestServices.swift in Sources */,
				C361841B2C16EF8F00A1C631 /* Tweet.swift in Sources */,
				C380DCEE2C16159C0017E7B6 /* User.swift in Sources */,
				C36184222C17018200A1C631 /* ImagePicker.swift in Sources */,
				C384AECF2C145C3200396478 /* MessageCell.swift in Sources */,
				C384AEC52C144A4100396478 /* SearchCell.swift in Sources */,
				C384AEBD2C1434CC00396478 /* CreateTweet.swift in Sources */,
				C384AED52C14803200396478 /* SlideMenu.swift in Sources */,
				C384AEB72C142E3B00396478 /* SearchView.swift in Sources */,
				C384AEC92C1453C000396478 /* SearchUserCell.swift in Sources */,
				C384AEC72C144BA600396478 /* SearchBarView.swift in Sources */,
				C3892B712C18B73B00863201 /* ProfileViewModel.swift in Sources */,
				C384AEB52C142DFE00396478 /* Feed.swift in Sources */,
				C384AE992C1428DF00396478 /* ContentView.swift in Sources */,
				C384AED12C147B9E00396478 /* TopBar.swift in Sources */,
				C384AEB32C142B8900396478 /* Home.swift in Sources */,
				C384AEE52C14C43E00396478 /* CustomAuthTextField.swift in Sources */,
				C384AEE32C14C29600396478 /* RegisterView.swift in Sources */,
				C384AED72C1481C600396478 /* FollowView.swift in Sources */,
				C36184242C170BE300A1C631 /* ImageUploader.swift in Sources */,
				C3B063E22C17BDEF00BD69A1 /* EditProfileView.swift in Sources */,
				C384AEBB2C142E5A00396478 /* MessagesView.swift in Sources */,
				C384AEE92C14C8D100396478 /* LogInView.swift in Sources */,
				C380DCEC2C1615840017E7B6 /* AuthViewModel.swift in Sources */,
				C36184182C16B17C00A1C631 /* Constants.swift in Sources */,
				C384AEDB2C149C1800396478 /* UserProfile.swift in Sources */,
				C361841E2C16F0E900A1C631 /* CreateTweetViewModel.swift in Sources */,
				C384AEC12C14364800396478 /* MultilineTextField.swift in Sources */,
				C384AE972C1428DF00396478 /* Tweeter.swift in Sources */,
				C384AEE72C14C61F00396478 /* SecureAuthTextField.swift in Sources */,
				C3892B6E2C18B19200863201 /* CustomProfileBioTextField.swift in Sources */,
				C384AEE12C14BA0B00396478 /* WelcomeView.swift in Sources */,
				C384AEB92C142E4C00396478 /* NotificationsView.swift in Sources */,
				C384AEDF2C14ACF500396478 /* TabButton.swift in Sources */,
				C384AECD2C1458BB00396478 /* NotificationCell.swift in Sources */,
				C3892B732C18BF9A00863201 /* EditProfileViewModel.swift in Sources */,
				C384AECB2C14564E00396478 /* Extensions.swift in Sources */,
				C3B063DB2C1761B900BD69A1 /* FeedViewModel.swift in Sources */,
			);
			runOnlyForDeploymentPostprocessing = 0;
		};
/* End PBXSourcesBuildPhase section */

/* Begin XCBuildConfiguration section */
		C384AE9F2C1428E000396478 /* Debug */ = {
			isa = XCBuildConfiguration;
			buildSettings = {
				ALWAYS_SEARCH_USER_PATHS = NO;
				ASSETCATALOG_COMPILER_GENERATE_SWIFT_ASSET_SYMBOL_EXTENSIONS = YES;
				CLANG_ANALYZER_NONNULL = YES;
				CLANG_ANALYZER_NUMBER_OBJECT_CONVERSION = YES_AGGRESSIVE;
				CLANG_CXX_LANGUAGE_STANDARD = "gnu++20";
				CLANG_ENABLE_MODULES = YES;
				CLANG_ENABLE_OBJC_ARC = YES;
				CLANG_ENABLE_OBJC_WEAK = YES;
				CLANG_WARN_BLOCK_CAPTURE_AUTORELEASING = YES;
				CLANG_WARN_BOOL_CONVERSION = YES;
				CLANG_WARN_COMMA = YES;
				CLANG_WARN_CONSTANT_CONVERSION = YES;
				CLANG_WARN_DEPRECATED_OBJC_IMPLEMENTATIONS = YES;
				CLANG_WARN_DIRECT_OBJC_ISA_USAGE = YES_ERROR;
				CLANG_WARN_DOCUMENTATION_COMMENTS = YES;
				CLANG_WARN_EMPTY_BODY = YES;
				CLANG_WARN_ENUM_CONVERSION = YES;
				CLANG_WARN_INFINITE_RECURSION = YES;
				CLANG_WARN_INT_CONVERSION = YES;
				CLANG_WARN_NON_LITERAL_NULL_CONVERSION = YES;
				CLANG_WARN_OBJC_IMPLICIT_RETAIN_SELF = YES;
				CLANG_WARN_OBJC_LITERAL_CONVERSION = YES;
				CLANG_WARN_OBJC_ROOT_CLASS = YES_ERROR;
				CLANG_WARN_QUOTED_INCLUDE_IN_FRAMEWORK_HEADER = YES;
				CLANG_WARN_RANGE_LOOP_ANALYSIS = YES;
				CLANG_WARN_STRICT_PROTOTYPES = YES;
				CLANG_WARN_SUSPICIOUS_MOVE = YES;
				CLANG_WARN_UNGUARDED_AVAILABILITY = YES_AGGRESSIVE;
				CLANG_WARN_UNREACHABLE_CODE = YES;
				CLANG_WARN__DUPLICATE_METHOD_MATCH = YES;
				COPY_PHASE_STRIP = NO;
				DEBUG_INFORMATION_FORMAT = dwarf;
				ENABLE_STRICT_OBJC_MSGSEND = YES;
				ENABLE_TESTABILITY = YES;
				ENABLE_USER_SCRIPT_SANDBOXING = YES;
				GCC_C_LANGUAGE_STANDARD = gnu17;
				GCC_DYNAMIC_NO_PIC = NO;
				GCC_NO_COMMON_BLOCKS = YES;
				GCC_OPTIMIZATION_LEVEL = 0;
				GCC_PREPROCESSOR_DEFINITIONS = (
					"DEBUG=1",
					"$(inherited)",
				);
				GCC_WARN_64_TO_32_BIT_CONVERSION = YES;
				GCC_WARN_ABOUT_RETURN_TYPE = YES_ERROR;
				GCC_WARN_UNDECLARED_SELECTOR = YES;
				GCC_WARN_UNINITIALIZED_AUTOS = YES_AGGRESSIVE;
				GCC_WARN_UNUSED_FUNCTION = YES;
				GCC_WARN_UNUSED_VARIABLE = YES;
				IPHONEOS_DEPLOYMENT_TARGET = 17.4;
				LOCALIZATION_PREFERS_STRING_CATALOGS = YES;
				MTL_ENABLE_DEBUG_INFO = INCLUDE_SOURCE;
				MTL_FAST_MATH = YES;
				ONLY_ACTIVE_ARCH = YES;
				SDKROOT = iphoneos;
				SWIFT_ACTIVE_COMPILATION_CONDITIONS = "DEBUG $(inherited)";
				SWIFT_OPTIMIZATION_LEVEL = "-Onone";
			};
			name = Debug;
		};
		C384AEA02C1428E000396478 /* Release */ = {
			isa = XCBuildConfiguration;
			buildSettings = {
				ALWAYS_SEARCH_USER_PATHS = NO;
				ASSETCATALOG_COMPILER_GENERATE_SWIFT_ASSET_SYMBOL_EXTENSIONS = YES;
				CLANG_ANALYZER_NONNULL = YES;
				CLANG_ANALYZER_NUMBER_OBJECT_CONVERSION = YES_AGGRESSIVE;
				CLANG_CXX_LANGUAGE_STANDARD = "gnu++20";
				CLANG_ENABLE_MODULES = YES;
				CLANG_ENABLE_OBJC_ARC = YES;
				CLANG_ENABLE_OBJC_WEAK = YES;
				CLANG_WARN_BLOCK_CAPTURE_AUTORELEASING = YES;
				CLANG_WARN_BOOL_CONVERSION = YES;
				CLANG_WARN_COMMA = YES;
				CLANG_WARN_CONSTANT_CONVERSION = YES;
				CLANG_WARN_DEPRECATED_OBJC_IMPLEMENTATIONS = YES;
				CLANG_WARN_DIRECT_OBJC_ISA_USAGE = YES_ERROR;
				CLANG_WARN_DOCUMENTATION_COMMENTS = YES;
				CLANG_WARN_EMPTY_BODY = YES;
				CLANG_WARN_ENUM_CONVERSION = YES;
				CLANG_WARN_INFINITE_RECURSION = YES;
				CLANG_WARN_INT_CONVERSION = YES;
				CLANG_WARN_NON_LITERAL_NULL_CONVERSION = YES;
				CLANG_WARN_OBJC_IMPLICIT_RETAIN_SELF = YES;
				CLANG_WARN_OBJC_LITERAL_CONVERSION = YES;
				CLANG_WARN_OBJC_ROOT_CLASS = YES_ERROR;
				CLANG_WARN_QUOTED_INCLUDE_IN_FRAMEWORK_HEADER = YES;
				CLANG_WARN_RANGE_LOOP_ANALYSIS = YES;
				CLANG_WARN_STRICT_PROTOTYPES = YES;
				CLANG_WARN_SUSPICIOUS_MOVE = YES;
				CLANG_WARN_UNGUARDED_AVAILABILITY = YES_AGGRESSIVE;
				CLANG_WARN_UNREACHABLE_CODE = YES;
				CLANG_WARN__DUPLICATE_METHOD_MATCH = YES;
				COPY_PHASE_STRIP = NO;
				DEBUG_INFORMATION_FORMAT = "dwarf-with-dsym";
				ENABLE_NS_ASSERTIONS = NO;
				ENABLE_STRICT_OBJC_MSGSEND = YES;
				ENABLE_USER_SCRIPT_SANDBOXING = YES;
				GCC_C_LANGUAGE_STANDARD = gnu17;
				GCC_NO_COMMON_BLOCKS = YES;
				GCC_WARN_64_TO_32_BIT_CONVERSION = YES;
				GCC_WARN_ABOUT_RETURN_TYPE = YES_ERROR;
				GCC_WARN_UNDECLARED_SELECTOR = YES;
				GCC_WARN_UNINITIALIZED_AUTOS = YES_AGGRESSIVE;
				GCC_WARN_UNUSED_FUNCTION = YES;
				GCC_WARN_UNUSED_VARIABLE = YES;
				IPHONEOS_DEPLOYMENT_TARGET = 17.4;
				LOCALIZATION_PREFERS_STRING_CATALOGS = YES;
				MTL_ENABLE_DEBUG_INFO = NO;
				MTL_FAST_MATH = YES;
				SDKROOT = iphoneos;
				SWIFT_COMPILATION_MODE = wholemodule;
				VALIDATE_PRODUCT = YES;
			};
			name = Release;
		};
		C384AEA22C1428E000396478 /* Debug */ = {
			isa = XCBuildConfiguration;
			buildSettings = {
				ASSETCATALOG_COMPILER_APPICON_NAME = AppIcon;
				ASSETCATALOG_COMPILER_GLOBAL_ACCENT_COLOR_NAME = AccentColor;
				CODE_SIGN_STYLE = Automatic;
				CURRENT_PROJECT_VERSION = 1;
				DEVELOPMENT_ASSET_PATHS = "\"Tweeter/Preview Content\"";
				DEVELOPMENT_TEAM = T8QW2G2MGG;
				ENABLE_PREVIEWS = YES;
				GENERATE_INFOPLIST_FILE = YES;
				INFOPLIST_KEY_UIApplicationSceneManifest_Generation = YES;
				INFOPLIST_KEY_UIApplicationSupportsIndirectInputEvents = YES;
				INFOPLIST_KEY_UILaunchScreen_Generation = YES;
				INFOPLIST_KEY_UISupportedInterfaceOrientations_iPad = "UIInterfaceOrientationPortrait UIInterfaceOrientationPortraitUpsideDown UIInterfaceOrientationLandscapeLeft UIInterfaceOrientationLandscapeRight";
				INFOPLIST_KEY_UISupportedInterfaceOrientations_iPhone = "UIInterfaceOrientationPortrait UIInterfaceOrientationLandscapeLeft UIInterfaceOrientationLandscapeRight";
				LD_RUNPATH_SEARCH_PATHS = (
					"$(inherited)",
					"@executable_path/Frameworks",
				);
				MARKETING_VERSION = 1.0;
				PRODUCT_BUNDLE_IDENTIFIER = com.lukerichardgoddard.Tweeter;
				PRODUCT_NAME = "$(TARGET_NAME)";
				SWIFT_EMIT_LOC_STRINGS = YES;
				SWIFT_VERSION = 5.0;
				TARGETED_DEVICE_FAMILY = "1,2";
			};
			name = Debug;
		};
		C384AEA32C1428E000396478 /* Release */ = {
			isa = XCBuildConfiguration;
			buildSettings = {
				ASSETCATALOG_COMPILER_APPICON_NAME = AppIcon;
				ASSETCATALOG_COMPILER_GLOBAL_ACCENT_COLOR_NAME = AccentColor;
				CODE_SIGN_STYLE = Automatic;
				CURRENT_PROJECT_VERSION = 1;
				DEVELOPMENT_ASSET_PATHS = "\"Tweeter/Preview Content\"";
				DEVELOPMENT_TEAM = T8QW2G2MGG;
				ENABLE_PREVIEWS = YES;
				GENERATE_INFOPLIST_FILE = YES;
				INFOPLIST_KEY_UIApplicationSceneManifest_Generation = YES;
				INFOPLIST_KEY_UIApplicationSupportsIndirectInputEvents = YES;
				INFOPLIST_KEY_UILaunchScreen_Generation = YES;
				INFOPLIST_KEY_UISupportedInterfaceOrientations_iPad = "UIInterfaceOrientationPortrait UIInterfaceOrientationPortraitUpsideDown UIInterfaceOrientationLandscapeLeft UIInterfaceOrientationLandscapeRight";
				INFOPLIST_KEY_UISupportedInterfaceOrientations_iPhone = "UIInterfaceOrientationPortrait UIInterfaceOrientationLandscapeLeft UIInterfaceOrientationLandscapeRight";
				LD_RUNPATH_SEARCH_PATHS = (
					"$(inherited)",
					"@executable_path/Frameworks",
				);
				MARKETING_VERSION = 1.0;
				PRODUCT_BUNDLE_IDENTIFIER = com.lukerichardgoddard.Tweeter;
				PRODUCT_NAME = "$(TARGET_NAME)";
				SWIFT_EMIT_LOC_STRINGS = YES;
				SWIFT_VERSION = 5.0;
				TARGETED_DEVICE_FAMILY = "1,2";
			};
			name = Release;
		};
/* End XCBuildConfiguration section */

/* Begin XCConfigurationList section */
		C384AE8E2C1428DF00396478 /* Build configuration list for PBXProject "Tweeter" */ = {
			isa = XCConfigurationList;
			buildConfigurations = (
				C384AE9F2C1428E000396478 /* Debug */,
				C384AEA02C1428E000396478 /* Release */,
			);
			defaultConfigurationIsVisible = 0;
			defaultConfigurationName = Release;
		};
		C384AEA12C1428E000396478 /* Build configuration list for PBXNativeTarget "Tweeter" */ = {
			isa = XCConfigurationList;
			buildConfigurations = (
				C384AEA22C1428E000396478 /* Debug */,
				C384AEA32C1428E000396478 /* Release */,
			);
			defaultConfigurationIsVisible = 0;
			defaultConfigurationName = Release;
		};
/* End XCConfigurationList section */

/* Begin XCRemoteSwiftPackageReference section */
		C3B063DE2C17AC3900BD69A1 /* XCRemoteSwiftPackageReference "Kingfisher" */ = {
			isa = XCRemoteSwiftPackageReference;
			repositoryURL = "https://github.com/onevcat/Kingfisher.git";
			requirement = {
				kind = upToNextMajorVersion;
				minimumVersion = 7.12.0;
			};
		};
/* End XCRemoteSwiftPackageReference section */

/* Begin XCSwiftPackageProductDependency section */
		C3B063DF2C17AC3900BD69A1 /* Kingfisher */ = {
			isa = XCSwiftPackageProductDependency;
			package = C3B063DE2C17AC3900BD69A1 /* XCRemoteSwiftPackageReference "Kingfisher" */;
			productName = Kingfisher;
		};
/* End XCSwiftPackageProductDependency section */
	};
	rootObject = C384AE8B2C1428DF00396478 /* Project object */;
}
